
Microsoft Visual Studio Solution File, Format Version 12.00
# Visual Studio Version 17
VisualStudioVersion = 17.7.34302.85
MinimumVisualStudioVersion = 10.0.40219.1
Project("{FAE04EC0-301F-11D3-BF4B-00C04F79EFBC}") = "SyncAsyncWait", "SyncAsyncWait\SyncAsyncWait.csproj", "{733B78A3-E197-4BC4-B6E7-7AFC4FC87FCA}"
EndProject
Project("{FAE04EC0-301F-11D3-BF4B-00C04F79EFBC}") = "SyncDateTimeNow", "SyncDateTimeNow\SyncDateTimeNow.csproj", "{5C043902-53F3-4203-BEA2-E93258B67DF1}"
EndProject
Project("{FAE04EC0-301F-11D3-BF4B-00C04F79EFBC}") = "SyncDateTimeUTCNow", "SyncDateTimeUTCNow\SyncDateTimeUTCNow.csproj", "{6C81BC7F-1F80-4B98-941B-40C0523AE50D}"
EndProject
Project("{FAE04EC0-301F-11D3-BF4B-00C04F79EFBC}") = "SyncStopWatch", "SyncStopWatch\SyncStopWatch.csproj", "{BD281536-B70B-4A64-B2D1-6DD24BC8B98E}"
EndProject
Project("{FAE04EC0-301F-11D3-BF4B-00C04F79EFBC}") = "SyncDateTimeNowwithDelay", "SyncDateTimeNowwithDelay\SyncDateTimeNowwithDelay.csproj", "{805CE7F5-A268-4E43-91DA-DECDBD1D75BA}"
EndProject
Global
	GlobalSection(SolutionConfigurationPlatforms) = preSolution
		Debug|Any CPU = Debug|Any CPU
		Release|Any CPU = Release|Any CPU
	EndGlobalSection
	GlobalSection(ProjectConfigurationPlatforms) = postSolution
		{733B78A3-E197-4BC4-B6E7-7AFC4FC87FCA}.Debug|Any CPU.ActiveCfg = Debug|Any CPU
		{733B78A3-E197-4BC4-B6E7-7AFC4FC87FCA}.Debug|Any CPU.Build.0 = Debug|Any CPU
		{733B78A3-E197-4BC4-B6E7-7AFC4FC87FCA}.Release|Any CPU.ActiveCfg = Release|Any CPU
		{733B78A3-E197-4BC4-B6E7-7AFC4FC87FCA}.Release|Any CPU.Build.0 = Release|Any CPU
		{5C043902-53F3-4203-BEA2-E93258B67DF1}.Debug|Any CPU.ActiveCfg = Debug|Any CPU
		{5C043902-53F3-4203-BEA2-E93258B67DF1}.Debug|Any CPU.Build.0 = Debug|Any CPU
		{5C043902-53F3-4203-BEA2-E93258B67DF1}.Release|Any CPU.ActiveCfg = Release|Any CPU
		{5C043902-53F3-4203-BEA2-E93258B67DF1}.Release|Any CPU.Build.0 = Release|Any CPU
		{6C81BC7F-1F80-4B98-941B-40C0523AE50D}.Debug|Any CPU.ActiveCfg = Debug|Any CPU
		{6C81BC7F-1F80-4B98-941B-40C0523AE50D}.Debug|Any CPU.Build.0 = Debug|Any CPU
		{6C81BC7F-1F80-4B98-941B-40C0523AE50D}.Release|Any CPU.ActiveCfg = Release|Any CPU
		{6C81BC7F-1F80-4B98-941B-40C0523AE50D}.Release|Any CPU.Build.0 = Release|Any CPU
		{BD281536-B70B-4A64-B2D1-6DD24BC8B98E}.Debug|Any CPU.ActiveCfg = Debug|Any CPU
		{BD281536-B70B-4A64-B2D1-6DD24BC8B98E}.Debug|Any CPU.Build.0 = Debug|Any CPU
		{BD281536-B70B-4A64-B2D1-6DD24BC8B98E}.Release|Any CPU.ActiveCfg = Release|Any CPU
		{BD281536-B70B-4A64-B2D1-6DD24BC8B98E}.Release|Any CPU.Build.0 = Release|Any CPU
		{805CE7F5-A268-4E43-91DA-DECDBD1D75BA}.Debug|Any CPU.ActiveCfg = Debug|Any CPU
		{805CE7F5-A268-4E43-91DA-DECDBD1D75BA}.Debug|Any CPU.Build.0 = Debug|Any CPU
		{805CE7F5-A268-4E43-91DA-DECDBD1D75BA}.Release|Any CPU.ActiveCfg = Release|Any CPU
		{805CE7F5-A268-4E43-91DA-DECDBD1D75BA}.Release|Any CPU.Build.0 = Release|Any CPU
	EndGlobalSection
	GlobalSection(SolutionProperties) = preSolution
		HideSolutionNode = FALSE
	EndGlobalSection
	GlobalSection(ExtensibilityGlobals) = postSolution
		SolutionGuid = {C7437DDB-5511-41AF-887A-F065621C4E89}
	EndGlobalSection
EndGlobal
